// !$*UTF8*$!
{
	archiveVersion = 1;
	classes = {
	};
	objectVersion = 48;
	objects = {

/* Begin PBXBuildFile section */
		23470B2420B5B0430055F7BE /* Item.swift in Sources */ = {isa = PBXBuildFile; fileRef = 23470B2320B5B0430055F7BE /* Item.swift */; };
		23470B2620B5B04B0055F7BE /* Category.swift in Sources */ = {isa = PBXBuildFile; fileRef = 23470B2520B5B04B0055F7BE /* Category.swift */; };
		2351871420AC6A010040438B /* TodoListViewController.swift in Sources */ = {isa = PBXBuildFile; fileRef = 2351871320AC6A010040438B /* TodoListViewController.swift */; };
		2351871820AC6A0F0040438B /* Main.storyboard in Resources */ = {isa = PBXBuildFile; fileRef = 2351871620AC6A0F0040438B /* Main.storyboard */; };
		238861CB2099FD31009056DF /* AppDelegate.swift in Sources */ = {isa = PBXBuildFile; fileRef = 238861CA2099FD31009056DF /* AppDelegate.swift */; };
		238861D22099FD31009056DF /* Assets.xcassets in Resources */ = {isa = PBXBuildFile; fileRef = 238861D12099FD31009056DF /* Assets.xcassets */; };
		238861D52099FD31009056DF /* LaunchScreen.storyboard in Resources */ = {isa = PBXBuildFile; fileRef = 238861D32099FD31009056DF /* LaunchScreen.storyboard */; };
		23946EEA20B301D000ADE2D0 /* CategoryViewController.swift in Sources */ = {isa = PBXBuildFile; fileRef = 23946EE920B301D000ADE2D0 /* CategoryViewController.swift */; };
		9037DFBE50F3C7FFAFC8BAC2 /* Pods_Todoey.framework in Frameworks */ = {isa = PBXBuildFile; fileRef = 92117A777246018D1209EA0E /* Pods_Todoey.framework */; };
/* End PBXBuildFile section */

/* Begin PBXFileReference section */
		23470B2320B5B0430055F7BE /* Item.swift */ = {isa = PBXFileReference; lastKnownFileType = sourcecode.swift; path = Item.swift; sourceTree = "<group>"; };
		23470B2520B5B04B0055F7BE /* Category.swift */ = {isa = PBXFileReference; lastKnownFileType = sourcecode.swift; path = Category.swift; sourceTree = "<group>"; };
		2351871320AC6A010040438B /* TodoListViewController.swift */ = {isa = PBXFileReference; fileEncoding = 4; lastKnownFileType = sourcecode.swift; path = TodoListViewController.swift; sourceTree = "<group>"; };
		2351871720AC6A0F0040438B /* Base */ = {isa = PBXFileReference; lastKnownFileType = file.storyboard; name = Base; path = Base.lproj/Main.storyboard; sourceTree = "<group>"; };
		238861C72099FD31009056DF /* Todoey.app */ = {isa = PBXFileReference; explicitFileType = wrapper.application; includeInIndex = 0; path = Todoey.app; sourceTree = BUILT_PRODUCTS_DIR; };
		238861CA2099FD31009056DF /* AppDelegate.swift */ = {isa = PBXFileReference; lastKnownFileType = sourcecode.swift; path = AppDelegate.swift; sourceTree = "<group>"; };
		238861D12099FD31009056DF /* Assets.xcassets */ = {isa = PBXFileReference; lastKnownFileType = folder.assetcatalog; path = Assets.xcassets; sourceTree = "<group>"; };
		238861D42099FD31009056DF /* Base */ = {isa = PBXFileReference; lastKnownFileType = file.storyboard; name = Base; path = Base.lproj/LaunchScreen.storyboard; sourceTree = "<group>"; };
		238861D62099FD31009056DF /* Info.plist */ = {isa = PBXFileReference; lastKnownFileType = text.plist.xml; path = Info.plist; sourceTree = "<group>"; };
		23946EE920B301D000ADE2D0 /* CategoryViewController.swift */ = {isa = PBXFileReference; lastKnownFileType = sourcecode.swift; path = CategoryViewController.swift; sourceTree = "<group>"; };
		92117A777246018D1209EA0E /* Pods_Todoey.framework */ = {isa = PBXFileReference; explicitFileType = wrapper.framework; includeInIndex = 0; path = Pods_Todoey.framework; sourceTree = BUILT_PRODUCTS_DIR; };
		B3AE4D9D81B5894BEB3D7EB9 /* Pods-Todoey.debug.xcconfig */ = {isa = PBXFileReference; includeInIndex = 1; lastKnownFileType = text.xcconfig; name = "Pods-Todoey.debug.xcconfig"; path = "Pods/Target Support Files/Pods-Todoey/Pods-Todoey.debug.xcconfig"; sourceTree = "<group>"; };
		BEE703CB0C1EFAA351931C31 /* Pods-Todoey.release.xcconfig */ = {isa = PBXFileReference; includeInIndex = 1; lastKnownFileType = text.xcconfig; name = "Pods-Todoey.release.xcconfig"; path = "Pods/Target Support Files/Pods-Todoey/Pods-Todoey.release.xcconfig"; sourceTree = "<group>"; };
/* End PBXFileReference section */

/* Begin PBXFrameworksBuildPhase section */
		238861C42099FD31009056DF /* Frameworks */ = {
			isa = PBXFrameworksBuildPhase;
			buildActionMask = 2147483647;
			files = (
				9037DFBE50F3C7FFAFC8BAC2 /* Pods_Todoey.framework in Frameworks */,
			);
			runOnlyForDeploymentPostprocessing = 0;
		};
/* End PBXFrameworksBuildPhase section */

/* Begin PBXGroup section */
		2320EF4A20AC671E002EDFE6 /* Supporting Files */ = {
			isa = PBXGroup;
			children = (
				238861D12099FD31009056DF /* Assets.xcassets */,
				238861D32099FD31009056DF /* LaunchScreen.storyboard */,
			);
			path = "Supporting Files";
			sourceTree = "<group>";
		};
		2320EF4D20AC675D002EDFE6 /* Data Model */ = {
			isa = PBXGroup;
			children = (
				23470B2320B5B0430055F7BE /* Item.swift */,
				23470B2520B5B04B0055F7BE /* Category.swift */,
			);
			name = "Data Model";
			path = "New Group2";
			sourceTree = "<group>";
		};
		2351871220AC6A010040438B /* Controllers */ = {
			isa = PBXGroup;
			children = (
				23946EE920B301D000ADE2D0 /* CategoryViewController.swift */,
				2351871320AC6A010040438B /* TodoListViewController.swift */,
			);
			name = Controllers;
			path = Todoey/Controllers;
			sourceTree = SOURCE_ROOT;
		};
		2351871520AC6A0F0040438B /* Views */ = {
			isa = PBXGroup;
			children = (
				2351871620AC6A0F0040438B /* Main.storyboard */,
			);
			path = Views;
			sourceTree = "<group>";
		};
		238861BE2099FD31009056DF = {
			isa = PBXGroup;
			children = (
				238861C92099FD31009056DF /* Todoey */,
				238861C82099FD31009056DF /* Products */,
				2E096FA1C787BF7288F20EB9 /* Pods */,
				54F2FF99D73EB404BAE43948 /* Frameworks */,
			);
			sourceTree = "<group>";
		};
		238861C82099FD31009056DF /* Products */ = {
			isa = PBXGroup;
			children = (
				238861C72099FD31009056DF /* Todoey.app */,
			);
			name = Products;
			sourceTree = "<group>";
		};
		238861C92099FD31009056DF /* Todoey */ = {
			isa = PBXGroup;
			children = (
				2351871520AC6A0F0040438B /* Views */,
				2351871220AC6A010040438B /* Controllers */,
				2320EF4D20AC675D002EDFE6 /* Data Model */,
				238861CA2099FD31009056DF /* AppDelegate.swift */,
				2320EF4A20AC671E002EDFE6 /* Supporting Files */,
				238861D62099FD31009056DF /* Info.plist */,
			);
			path = Todoey;
			sourceTree = "<group>";
		};
		2E096FA1C787BF7288F20EB9 /* Pods */ = {
			isa = PBXGroup;
			children = (
				B3AE4D9D81B5894BEB3D7EB9 /* Pods-Todoey.debug.xcconfig */,
				BEE703CB0C1EFAA351931C31 /* Pods-Todoey.release.xcconfig */,
			);
			name = Pods;
			sourceTree = "<group>";
		};
		54F2FF99D73EB404BAE43948 /* Frameworks */ = {
			isa = PBXGroup;
			children = (
				92117A777246018D1209EA0E /* Pods_Todoey.framework */,
			);
			name = Frameworks;
			sourceTree = "<group>";
		};
/* End PBXGroup section */

/* Begin PBXNativeTarget section */
		238861C62099FD31009056DF /* Todoey */ = {
			isa = PBXNativeTarget;
			buildConfigurationList = 238861D92099FD31009056DF /* Build configuration list for PBXNativeTarget "Todoey" */;
			buildPhases = (
				D879F87AA5C8CB2A22578AB9 /* [CP] Check Pods Manifest.lock */,
				238861C32099FD31009056DF /* Sources */,
				238861C42099FD31009056DF /* Frameworks */,
				238861C52099FD31009056DF /* Resources */,
				9217111C19287E4AFAFDB11B /* [CP] Embed Pods Frameworks */,
				B2CB930942897C6A17A628C8 /* [CP] Copy Pods Resources */,
			);
			buildRules = (
			);
			dependencies = (
			);
			name = Todoey;
			productName = Todoey;
			productReference = 238861C72099FD31009056DF /* Todoey.app */;
			productType = "com.apple.product-type.application";
		};
/* End PBXNativeTarget section */

/* Begin PBXProject section */
		238861BF2099FD31009056DF /* Project object */ = {
			isa = PBXProject;
			attributes = {
				LastSwiftUpdateCheck = 0910;
				LastUpgradeCheck = 0910;
				ORGANIZATIONNAME = J.Sim;
				TargetAttributes = {
					238861C62099FD31009056DF = {
						CreatedOnToolsVersion = 9.1;
						ProvisioningStyle = Automatic;
					};
				};
			};
			buildConfigurationList = 238861C22099FD31009056DF /* Build configuration list for PBXProject "Todoey" */;
			compatibilityVersion = "Xcode 8.0";
			developmentRegion = en;
			hasScannedForEncodings = 0;
			knownRegions = (
				en,
				Base,
			);
			mainGroup = 238861BE2099FD31009056DF;
			productRefGroup = 238861C82099FD31009056DF /* Products */;
			projectDirPath = "";
			projectRoot = "";
			targets = (
				238861C62099FD31009056DF /* Todoey */,
			);
		};
/* End PBXProject section */

/* Begin PBXResourcesBuildPhase section */
		238861C52099FD31009056DF /* Resources */ = {
			isa = PBXResourcesBuildPhase;
			buildActionMask = 2147483647;
			files = (
				238861D52099FD31009056DF /* LaunchScreen.storyboard in Resources */,
				238861D22099FD31009056DF /* Assets.xcassets in Resources */,
				2351871820AC6A0F0040438B /* Main.storyboard in Resources */,
			);
			runOnlyForDeploymentPostprocessing = 0;
		};
/* End PBXResourcesBuildPhase section */

/* Begin PBXShellScriptBuildPhase section */
		9217111C19287E4AFAFDB11B /* [CP] Embed Pods Frameworks */ = {
			isa = PBXShellScriptBuildPhase;
			buildActionMask = 2147483647;
			files = (
			);
			inputPaths = (
				"${SRCROOT}/Pods/Target Support Files/Pods-Todoey/Pods-Todoey-frameworks.sh",
				"${BUILT_PRODUCTS_DIR}/Realm/Realm.framework",
				"${BUILT_PRODUCTS_DIR}/RealmSwift/RealmSwift.framework",
			);
			name = "[CP] Embed Pods Frameworks";
			outputPaths = (
				"${TARGET_BUILD_DIR}/${FRAMEWORKS_FOLDER_PATH}/Realm.framework",
				"${TARGET_BUILD_DIR}/${FRAMEWORKS_FOLDER_PATH}/RealmSwift.framework",
			);
			runOnlyForDeploymentPostprocessing = 0;
			shellPath = /bin/sh;
			shellScript = "\"${SRCROOT}/Pods/Target Support Files/Pods-Todoey/Pods-Todoey-frameworks.sh\"\n";
			showEnvVarsInLog = 0;
		};
		B2CB930942897C6A17A628C8 /* [CP] Copy Pods Resources */ = {
			isa = PBXShellScriptBuildPhase;
			buildActionMask = 2147483647;
			files = (
			);
			inputPaths = (
			);
			name = "[CP] Copy Pods Resources";
			outputPaths = (
			);
			runOnlyForDeploymentPostprocessing = 0;
			shellPath = /bin/sh;
			shellScript = "\"${SRCROOT}/Pods/Target Support Files/Pods-Todoey/Pods-Todoey-resources.sh\"\n";
			showEnvVarsInLog = 0;
		};
		D879F87AA5C8CB2A22578AB9 /* [CP] Check Pods Manifest.lock */ = {
			isa = PBXShellScriptBuildPhase;
			buildActionMask = 2147483647;
			files = (
			);
			inputPaths = (
				"${PODS_PODFILE_DIR_PATH}/Podfile.lock",
				"${PODS_ROOT}/Manifest.lock",
			);
			name = "[CP] Check Pods Manifest.lock";
			outputPaths = (
				"$(DERIVED_FILE_DIR)/Pods-Todoey-checkManifestLockResult.txt",
			);
			runOnlyForDeploymentPostprocessing = 0;
			shellPath = /bin/sh;
			shellScript = "diff \"${PODS_PODFILE_DIR_PATH}/Podfile.lock\" \"${PODS_ROOT}/Manifest.lock\" > /dev/null\nif [ $? != 0 ] ; then\n    # print error to STDERR\n    echo \"error: The sandbox is not in sync with the Podfile.lock. Run 'pod install' or update your CocoaPods installation.\" >&2\n    exit 1\nfi\n# This output is used by Xcode 'outputs' to avoid re-running this script phase.\necho \"SUCCESS\" > \"${SCRIPT_OUTPUT_FILE_0}\"\n";
			showEnvVarsInLog = 0;
		};
/* End PBXShellScriptBuildPhase section */

/* Begin PBXSourcesBuildPhase section */
		238861C32099FD31009056DF /* Sources */ = {
			isa = PBXSourcesBuildPhase;
			buildActionMask = 2147483647;
			files = (
				23470B2420B5B0430055F7BE /* Item.swift in Sources */,
				23946EEA20B301D000ADE2D0 /* CategoryViewController.swift in Sources */,
				2351871420AC6A010040438B /* TodoListViewController.swift in Sources */,
				238861CB2099FD31009056DF /* AppDelegate.swift in Sources */,
				23470B2620B5B04B0055F7BE /* Category.swift in Sources */,
			);
			runOnlyForDeploymentPostprocessing = 0;
		};
/* End PBXSourcesBuildPhase section */

/* Begin PBXVariantGroup section */
		2351871620AC6A0F0040438B /* Main.storyboard */ = {
			isa = PBXVariantGroup;
			children = (
				2351871720AC6A0F0040438B /* Base */,
			);
			name = Main.storyboard;
			sourceTree = "<group>";
		};
		238861D32099FD31009056DF /* LaunchScreen.storyboard */ = {
			isa = PBXVariantGroup;
			children = (
				238861D42099FD31009056DF /* Base */,
			);
			name = LaunchScreen.storyboard;
			sourceTree = "<group>";
		};
/* End PBXVariantGroup section */

/* Begin XCBuildConfiguration section */
		238861D72099FD31009056DF /* Debug */ = {
			isa = XCBuildConfiguration;
			buildSettings = {
				ALWAYS_SEARCH_USER_PATHS = NO;
				CLANG_ANALYZER_NONNULL = YES;
				CLANG_ANALYZER_NUMBER_OBJECT_CONVERSION = YES_AGGRESSIVE;
				CLANG_CXX_LANGUAGE_STANDARD = "gnu++14";
				CLANG_CXX_LIBRARY = "libc++";
				CLANG_ENABLE_MODULES = YES;
				CLANG_ENABLE_OBJC_ARC = YES;
				CLANG_WARN_BLOCK_CAPTURE_AUTORELEASING = YES;
				CLANG_WARN_BOOL_CONVERSION = YES;
				CLANG_WARN_COMMA = YES;
				CLANG_WARN_CONSTANT_CONVERSION = YES;
				CLANG_WARN_DIRECT_OBJC_ISA_USAGE = YES_ERROR;
				CLANG_WARN_DOCUMENTATION_COMMENTS = YES;
				CLANG_WARN_EMPTY_BODY = YES;
				CLANG_WARN_ENUM_CONVERSION = YES;
				CLANG_WARN_INFINITE_RECURSION = YES;
				CLANG_WARN_INT_CONVERSION = YES;
				CLANG_WARN_NON_LITERAL_NULL_CONVERSION = YES;
				CLANG_WARN_OBJC_LITERAL_CONVERSION = YES;
				CLANG_WARN_OBJC_ROOT_CLASS = YES_ERROR;
				CLANG_WARN_RANGE_LOOP_ANALYSIS = YES;
				CLANG_WARN_STRICT_PROTOTYPES = YES;
				CLANG_WARN_SUSPICIOUS_MOVE = YES;
				CLANG_WARN_UNGUARDED_AVAILABILITY = YES_AGGRESSIVE;
				CLANG_WARN_UNREACHABLE_CODE = YES;
				CLANG_WARN__DUPLICATE_METHOD_MATCH = YES;
				CODE_SIGN_IDENTITY = "iPhone Developer";
				COPY_PHASE_STRIP = NO;
				DEBUG_INFORMATION_FORMAT = dwarf;
				ENABLE_STRICT_OBJC_MSGSEND = YES;
				ENABLE_TESTABILITY = YES;
				GCC_C_LANGUAGE_STANDARD = gnu11;
				GCC_DYNAMIC_NO_PIC = NO;
				GCC_NO_COMMON_BLOCKS = YES;
				GCC_OPTIMIZATION_LEVEL = 0;
				GCC_PREPROCESSOR_DEFINITIONS = (
					"DEBUG=1",
					"$(inherited)",
				);
				GCC_WARN_64_TO_32_BIT_CONVERSION = YES;
				GCC_WARN_ABOUT_RETURN_TYPE = YES_ERROR;
				GCC_WARN_UNDECLARED_SELECTOR = YES;
				GCC_WARN_UNINITIALIZED_AUTOS = YES_AGGRESSIVE;
				GCC_WARN_UNUSED_FUNCTION = YES;
				GCC_WARN_UNUSED_VARIABLE = YES;
				IPHONEOS_DEPLOYMENT_TARGET = 11.1;
				MTL_ENABLE_DEBUG_INFO = YES;
				ONLY_ACTIVE_ARCH = YES;
				SDKROOT = iphoneos;
				SWIFT_ACTIVE_COMPILATION_CONDITIONS = DEBUG;
				SWIFT_OPTIMIZATION_LEVEL = "-Onone";
			};
			name = Debug;
		};
		238861D82099FD31009056DF /* Release */ = {
			isa = XCBuildConfiguration;
			buildSettings = {
				ALWAYS_SEARCH_USER_PATHS = NO;
				CLANG_ANALYZER_NONNULL = YES;
				CLANG_ANALYZER_NUMBER_OBJECT_CONVERSION = YES_AGGRESSIVE;
				CLANG_CXX_LANGUAGE_STANDARD = "gnu++14";
				CLANG_CXX_LIBRARY = "libc++";
				CLANG_ENABLE_MODULES = YES;
				CLANG_ENABLE_OBJC_ARC = YES;
				CLANG_WARN_BLOCK_CAPTURE_AUTORELEASING = YES;
				CLANG_WARN_BOOL_CONVERSION = YES;
				CLANG_WARN_COMMA = YES;
				CLANG_WARN_CONSTANT_CONVERSION = YES;
				CLANG_WARN_DIRECT_OBJC_ISA_USAGE = YES_ERROR;
				CLANG_WARN_DOCUMENTATION_COMMENTS = YES;
				CLANG_WARN_EMPTY_BODY = YES;
				CLANG_WARN_ENUM_CONVERSION = YES;
				CLANG_WARN_INFINITE_RECURSION = YES;
				CLANG_WARN_INT_CONVERSION = YES;
				CLANG_WARN_NON_LITERAL_NULL_CONVERSION = YES;
				CLANG_WARN_OBJC_LITERAL_CONVERSION = YES;
				CLANG_WARN_OBJC_ROOT_CLASS = YES_ERROR;
				CLANG_WARN_RANGE_LOOP_ANALYSIS = YES;
				CLANG_WARN_STRICT_PROTOTYPES = YES;
				CLANG_WARN_SUSPICIOUS_MOVE = YES;
				CLANG_WARN_UNGUARDED_AVAILABILITY = YES_AGGRESSIVE;
				CLANG_WARN_UNREACHABLE_CODE = YES;
				CLANG_WARN__DUPLICATE_METHOD_MATCH = YES;
				CODE_SIGN_IDENTITY = "iPhone Developer";
				COPY_PHASE_STRIP = NO;
				DEBUG_INFORMATION_FORMAT = "dwarf-with-dsym";
				ENABLE_NS_ASSERTIONS = NO;
				ENABLE_STRICT_OBJC_MSGSEND = YES;
				GCC_C_LANGUAGE_STANDARD = gnu11;
				GCC_NO_COMMON_BLOCKS = YES;
				GCC_WARN_64_TO_32_BIT_CONVERSION = YES;
				GCC_WARN_ABOUT_RETURN_TYPE = YES_ERROR;
				GCC_WARN_UNDECLARED_SELECTOR = YES;
				GCC_WARN_UNINITIALIZED_AUTOS = YES_AGGRESSIVE;
				GCC_WARN_UNUSED_FUNCTION = YES;
				GCC_WARN_UNUSED_VARIABLE = YES;
				IPHONEOS_DEPLOYMENT_TARGET = 11.1;
				MTL_ENABLE_DEBUG_INFO = NO;
				SDKROOT = iphoneos;
				SWIFT_OPTIMIZATION_LEVEL = "-Owholemodule";
				VALIDATE_PRODUCT = YES;
			};
			name = Release;
		};
		238861DA2099FD31009056DF /* Debug */ = {
			isa = XCBuildConfiguration;
			baseConfigurationReference = B3AE4D9D81B5894BEB3D7EB9 /* Pods-Todoey.debug.xcconfig */;
			buildSettings = {
				ASSETCATALOG_COMPILER_APPICON_NAME = AppIcon;
				CODE_SIGN_STYLE = Automatic;
				DEVELOPMENT_TEAM = JSH7P996AY;
				INFOPLIST_FILE = Todoey/Info.plist;
				IPHONEOS_DEPLOYMENT_TARGET = 10.3;
				LD_RUNPATH_SEARCH_PATHS = "$(inherited) @executable_path/Frameworks";
				PRODUCT_BUNDLE_IDENTIFIER = sinary.Todoey;
				PRODUCT_NAME = "$(TARGET_NAME)";
				SWIFT_VERSION = 4.0;
				TARGETED_DEVICE_FAMILY = "1,2";
			};
			name = Debug;
		};
		238861DB2099FD31009056DF /* Release */ = {
			isa = XCBuildConfiguration;
			baseConfigurationReference = BEE703CB0C1EFAA351931C31 /* Pods-Todoey.release.xcconfig */;
			buildSettings = {
				ASSETCATALOG_COMPILER_APPICON_NAME = AppIcon;
				CODE_SIGN_STYLE = Automatic;
				DEVELOPMENT_TEAM = JSH7P996AY;
				INFOPLIST_FILE = Todoey/Info.plist;
				IPHONEOS_DEPLOYMENT_TARGET = 10.3;
				LD_RUNPATH_SEARCH_PATHS = "$(inherited) @executable_path/Frameworks";
				PRODUCT_BUNDLE_IDENTIFIER = sinary.Todoey;
				PRODUCT_NAME = "$(TARGET_NAME)";
				SWIFT_VERSION = 4.0;
				TARGETED_DEVICE_FAMILY = "1,2";
			};
			name = Release;
		};
/* End XCBuildConfiguration section */

/* Begin XCConfigurationList section */
		238861C22099FD31009056DF /* Build configuration list for PBXProject "Todoey" */ = {
			isa = XCConfigurationList;
			buildConfigurations = (
				238861D72099FD31009056DF /* Debug */,
				238861D82099FD31009056DF /* Release */,
			);
			defaultConfigurationIsVisible = 0;
			defaultConfigurationName = Release;
		};
		238861D92099FD31009056DF /* Build configuration list for PBXNativeTarget "Todoey" */ = {
			isa = XCConfigurationList;
			buildConfigurations = (
				238861DA2099FD31009056DF /* Debug */,
				238861DB2099FD31009056DF /* Release */,
			);
			defaultConfigurationIsVisible = 0;
			defaultConfigurationName = Release;
		};
/* End XCConfigurationList section */
	};
	rootObject = 238861BF2099FD31009056DF /* Project object */;
}
